// !$*UTF8*$!
{
	archiveVersion = 1;
	classes = {
	};
	objectVersion = 46;
	objects = {

/* Begin PBXBuildFile section */
		8F9980331E3CAA9400EDD02F /* AppDelegate.swift in Sources */ = {isa = PBXBuildFile; fileRef = 8F9980321E3CAA9400EDD02F /* AppDelegate.swift */; };
		8F9980351E3CAA9400EDD02F /* ViewController.swift in Sources */ = {isa = PBXBuildFile; fileRef = 8F9980341E3CAA9400EDD02F /* ViewController.swift */; };
		8F9980381E3CAA9400EDD02F /* Main.storyboard in Resources */ = {isa = PBXBuildFile; fileRef = 8F9980361E3CAA9400EDD02F /* Main.storyboard */; };
		8F99803A1E3CAA9400EDD02F /* Assets.xcassets in Resources */ = {isa = PBXBuildFile; fileRef = 8F9980391E3CAA9400EDD02F /* Assets.xcassets */; };
		8F99803D1E3CAA9400EDD02F /* LaunchScreen.storyboard in Resources */ = {isa = PBXBuildFile; fileRef = 8F99803B1E3CAA9400EDD02F /* LaunchScreen.storyboard */; };
/* End PBXBuildFile section */

/* Begin PBXFileReference section */
		8F99802F1E3CAA9400EDD02F /* StormViewer.app */ = {isa = PBXFileReference; explicitFileType = wrapper.application; includeInIndex = 0; path = StormViewer.app; sourceTree = BUILT_PRODUCTS_DIR; };
		8F9980321E3CAA9400EDD02F /* AppDelegate.swift */ = {isa = PBXFileReference; lastKnownFileType = sourcecode.swift; path = AppDelegate.swift; sourceTree = "<group>"; };
		8F9980341E3CAA9400EDD02F /* ViewController.swift */ = {isa = PBXFileReference; lastKnownFileType = sourcecode.swift; path = ViewController.swift; sourceTree = "<group>"; };
		8F9980371E3CAA9400EDD02F /* Base */ = {isa = PBXFileReference; lastKnownFileType = file.storyboard; name = Base; path = Base.lproj/Main.storyboard; sourceTree = "<group>"; };
		8F9980391E3CAA9400EDD02F /* Assets.xcassets */ = {isa = PBXFileReference; lastKnownFileType = folder.assetcatalog; path = Assets.xcassets; sourceTree = "<group>"; };
		8F99803C1E3CAA9400EDD02F /* Base */ = {isa = PBXFileReference; lastKnownFileType = file.storyboard; name = Base; path = Base.lproj/LaunchScreen.storyboard; sourceTree = "<group>"; };
		8F99803E1E3CAA9400EDD02F /* Info.plist */ = {isa = PBXFileReference; lastKnownFileType = text.plist.xml; path = Info.plist; sourceTree = "<group>"; };
/* End PBXFileReference section */

/* Begin PBXFrameworksBuildPhase section */
		8F99802C1E3CAA9400EDD02F /* Frameworks */ = {
			isa = PBXFrameworksBuildPhase;
			buildActionMask = 2147483647;
			files = (
			);
			runOnlyForDeploymentPostprocessing = 0;
		};
/* End PBXFrameworksBuildPhase section */

/* Begin PBXGroup section */
		8F9980261E3CAA9400EDD02F = {
			isa = PBXGroup;
			children = (
				8F9980311E3CAA9400EDD02F /* StormViewer */,
				8F9980301E3CAA9400EDD02F /* Products */,
			);
			sourceTree = "<group>";
		};
		8F9980301E3CAA9400EDD02F /* Products */ = {
			isa = PBXGroup;
			children = (
				8F99802F1E3CAA9400EDD02F /* StormViewer.app */,
			);
			name = Products;
			sourceTree = "<group>";
		};
		8F9980311E3CAA9400EDD02F /* StormViewer */ = {
			isa = PBXGroup;
			children = (
				8F9980321E3CAA9400EDD02F /* AppDelegate.swift */,
				8F9980341E3CAA9400EDD02F /* ViewController.swift */,
				8F9980361E3CAA9400EDD02F /* Main.storyboard */,
				8F9980391E3CAA9400EDD02F /* Assets.xcassets */,
				8F99803B1E3CAA9400EDD02F /* LaunchScreen.storyboard */,
				8F99803E1E3CAA9400EDD02F /* Info.plist */,
			);
			path = StormViewer;
			sourceTree = "<group>";
		};
/* End PBXGroup section */

/* Begin PBXNativeTarget section */
		8F99802E1E3CAA9400EDD02F /* StormViewer */ = {
			isa = PBXNativeTarget;
			buildConfigurationList = 8F9980411E3CAA9400EDD02F /* Build configuration list for PBXNativeTarget "StormViewer" */;
			buildPhases = (
				8F99802B1E3CAA9400EDD02F /* Sources */,
				8F99802C1E3CAA9400EDD02F /* Frameworks */,
				8F99802D1E3CAA9400EDD02F /* Resources */,
			);
			buildRules = (
			);
			dependencies = (
			);
			name = StormViewer;
			productName = StormViewer;
			productReference = 8F99802F1E3CAA9400EDD02F /* StormViewer.app */;
			productType = "com.apple.product-type.application";
		};
/* End PBXNativeTarget section */

/* Begin PBXProject section */
		8F9980271E3CAA9400EDD02F /* Project object */ = {
			isa = PBXProject;
			attributes = {
				LastSwiftUpdateCheck = 0810;
				LastUpgradeCheck = 0810;
				ORGANIZATIONNAME = "A23 Labs";
				TargetAttributes = {
					8F99802E1E3CAA9400EDD02F = {
						CreatedOnToolsVersion = 8.1;
						DevelopmentTeam = E5YV5LXCF9;
						ProvisioningStyle = Automatic;
					};
				};
			};
			buildConfigurationList = 8F99802A1E3CAA9400EDD02F /* Build configuration list for PBXProject "StormViewer" */;
			compatibilityVersion = "Xcode 3.2";
			developmentRegion = English;
			hasScannedForEncodings = 0;
			knownRegions = (
				en,
				Base,
			);
			mainGroup = 8F9980261E3CAA9400EDD02F;
			productRefGroup = 8F9980301E3CAA9400EDD02F /* Products */;
			projectDirPath = "";
			projectRoot = "";
			targets = (
				8F99802E1E3CAA9400EDD02F /* StormViewer */,
			);
		};
/* End PBXProject section */

/* Begin PBXResourcesBuildPhase section */
		8F99802D1E3CAA9400EDD02F /* Resources */ = {
			isa = PBXResourcesBuildPhase;
			buildActionMask = 2147483647;
			files = (
				8F99803D1E3CAA9400EDD02F /* LaunchScreen.storyboard in Resources */,
				8F99803A1E3CAA9400EDD02F /* Assets.xcassets in Resources */,
				8F9980381E3CAA9400EDD02F /* Main.storyboard in Resources */,
			);
			runOnlyForDeploymentPostprocessing = 0;
		};
/* End PBXResourcesBuildPhase section */

/* Begin PBXSourcesBuildPhase section */
		8F99802B1E3CAA9400EDD02F /* Sources */ = {
			isa = PBXSourcesBuildPhase;
			buildActionMask = 2147483647;
			files = (
				8F9980351E3CAA9400EDD02F /* ViewController.swift in Sources */,
				8F9980331E3CAA9400EDD02F /* AppDelegate.swift in Sources */,
			);
			runOnlyForDeploymentPostprocessing = 0;
		};
/* End PBXSourcesBuildPhase section */

/* Begin PBXVariantGroup section */
		8F9980361E3CAA9400EDD02F /* Main.storyboard */ = {
			isa = PBXVariantGroup;
			children = (
				8F9980371E3CAA9400EDD02F /* Base */,
			);
			name = Main.storyboard;
			sourceTree = "<group>";
		};
		8F99803B1E3CAA9400EDD02F /* LaunchScreen.storyboard */ = {
			isa = PBXVariantGroup;
			children = (
				8F99803C1E3CAA9400EDD02F /* Base */,
			);
			name = LaunchScreen.storyboard;
			sourceTree = "<group>";
		};
/* End PBXVariantGroup section */

/* Begin XCBuildConfiguration section */
		8F99803F1E3CAA9400EDD02F /* Debug */ = {
			isa = XCBuildConfiguration;
			buildSettings = {
				ALWAYS_SEARCH_USER_PATHS = NO;
				CLANG_ANALYZER_NONNULL = YES;
				CLANG_CXX_LANGUAGE_STANDARD = "gnu++0x";
				CLANG_CXX_LIBRARY = "libc++";
				CLANG_ENABLE_MODULES = YES;
				CLANG_ENABLE_OBJC_ARC = YES;
				CLANG_WARN_BOOL_CONVERSION = YES;
				CLANG_WARN_CONSTANT_CONVERSION = YES;
				CLANG_WARN_DIRECT_OBJC_ISA_USAGE = YES_ERROR;
				CLANG_WARN_DOCUMENTATION_COMMENTS = YES;
				CLANG_WARN_EMPTY_BODY = YES;
				CLANG_WARN_ENUM_CONVERSION = YES;
				CLANG_WARN_INFINITE_RECURSION = YES;
				CLANG_WARN_INT_CONVERSION = YES;
				CLANG_WARN_OBJC_ROOT_CLASS = YES_ERROR;
				CLANG_WARN_SUSPICIOUS_MOVES = YES;
				CLANG_WARN_UNREACHABLE_CODE = YES;
				CLANG_WARN__DUPLICATE_METHOD_MATCH = YES;
				"CODE_SIGN_IDENTITY[sdk=iphoneos*]" = "iPhone Developer";
				COPY_PHASE_STRIP = NO;
				DEBUG_INFORMATION_FORMAT = dwarf;
				ENABLE_STRICT_OBJC_MSGSEND = YES;
				ENABLE_TESTABILITY = YES;
				GCC_C_LANGUAGE_STANDARD = gnu99;
				GCC_DYNAMIC_NO_PIC = NO;
				GCC_NO_COMMON_BLOCKS = YES;
				GCC_OPTIMIZATION_LEVEL = 0;
				GCC_PREPROCESSOR_DEFINITIONS = (
					"DEBUG=1",
					"$(inherited)",
				);
				GCC_WARN_64_TO_32_BIT_CONVERSION = YES;
				GCC_WARN_ABOUT_RETURN_TYPE = YES_ERROR;
				GCC_WARN_UNDECLARED_SELECTOR = YES;
				GCC_WARN_UNINITIALIZED_AUTOS = YES_AGGRESSIVE;
				GCC_WARN_UNUSED_FUNCTION = YES;
				GCC_WARN_UNUSED_VARIABLE = YES;
				IPHONEOS_DEPLOYMENT_TARGET = 10.1;
				MTL_ENABLE_DEBUG_INFO = YES;
				ONLY_ACTIVE_ARCH = YES;
				SDKROOT = iphoneos;
				SWIFT_ACTIVE_COMPILATION_CONDITIONS = DEBUG;
				SWIFT_OPTIMIZATION_LEVEL = "-Onone";
				TARGETED_DEVICE_FAMILY = "1,2";
			};
			name = Debug;
		};
		8F9980401E3CAA9400EDD02F /* Release */ = {
			isa = XCBuildConfiguration;
			buildSettings = {
				ALWAYS_SEARCH_USER_PATHS = NO;
				CLANG_ANALYZER_NONNULL = YES;
				CLANG_CXX_LANGUAGE_STANDARD = "gnu++0x";
				CLANG_CXX_LIBRARY = "libc++";
				CLANG_ENABLE_MODULES = YES;
				CLANG_ENABLE_OBJC_ARC = YES;
				CLANG_WARN_BOOL_CONVERSION = YES;
				CLANG_WARN_CONSTANT_CONVERSION = YES;
				CLANG_WARN_DIRECT_OBJC_ISA_USAGE = YES_ERROR;
				CLANG_WARN_DOCUMENTATION_COMMENTS = YES;
				CLANG_WARN_EMPTY_BODY = YES;
				CLANG_WARN_ENUM_CONVERSION = YES;
				CLANG_WARN_INFINITE_RECURSION = YES;
				CLANG_WARN_INT_CONVERSION = YES;
				CLANG_WARN_OBJC_ROOT_CLASS = YES_ERROR;
				CLANG_WARN_SUSPICIOUS_MOVES = YES;
				CLANG_WARN_UNREACHABLE_CODE = YES;
				CLANG_WARN__DUPLICATE_METHOD_MATCH = YES;
				"CODE_SIGN_IDENTITY[sdk=iphoneos*]" = "iPhone Developer";
				COPY_PHASE_STRIP = NO;
				DEBUG_INFORMATION_FORMAT = "dwarf-with-dsym";
				ENABLE_NS_ASSERTIONS = NO;
				ENABLE_STRICT_OBJC_MSGSEND = YES;
				GCC_C_LANGUAGE_STANDARD = gnu99;
				GCC_NO_COMMON_BLOCKS = YES;
				GCC_WARN_64_TO_32_BIT_CONVERSION = YES;
				GCC_WARN_ABOUT_RETURN_TYPE = YES_ERROR;
				GCC_WARN_UNDECLARED_SELECTOR = YES;
				GCC_WARN_UNINITIALIZED_AUTOS = YES_AGGRESSIVE;
				GCC_WARN_UNUSED_FUNCTION = YES;
				GCC_WARN_UNUSED_VARIABLE = YES;
				IPHONEOS_DEPLOYMENT_TARGET = 10.1;
				MTL_ENABLE_DEBUG_INFO = NO;
				SDKROOT = iphoneos;
				SWIFT_OPTIMIZATION_LEVEL = "-Owholemodule";
				TARGETED_DEVICE_FAMILY = "1,2";
				VALIDATE_PRODUCT = YES;
			};
			name = Release;
		};
		8F9980421E3CAA9400EDD02F /* Debug */ = {
			isa = XCBuildConfiguration;
			buildSettings = {
				ASSETCATALOG_COMPILER_APPICON_NAME = AppIcon;
				DEVELOPMENT_TEAM = E5YV5LXCF9;
				INFOPLIST_FILE = StormViewer/Info.plist;
				IPHONEOS_DEPLOYMENT_TARGET = 10.0;
				LD_RUNPATH_SEARCH_PATHS = "$(inherited) @executable_path/Frameworks";
				PRODUCT_BUNDLE_IDENTIFIER = com.a23labs.StormViewer;
				PRODUCT_NAME = "$(TARGET_NAME)";
				SWIFT_VERSION = 3.0;
			};
			name = Debug;
		};
		8F9980431E3CAA9400EDD02F /* Release */ = {
			isa = XCBuildConfiguration;
			buildSettings = {
				ASSETCATALOG_COMPILER_APPICON_NAME = AppIcon;
				DEVELOPMENT_TEAM = E5YV5LXCF9;
				INFOPLIST_FILE = StormViewer/Info.plist;
				IPHONEOS_DEPLOYMENT_TARGET = 10.0;
				LD_RUNPATH_SEARCH_PATHS = "$(inherited) @executable_path/Frameworks";
				PRODUCT_BUNDLE_IDENTIFIER = com.a23labs.StormViewer;
				PRODUCT_NAME = "$(TARGET_NAME)";
				SWIFT_VERSION = 3.0;
			};
			name = Release;
		};
/* End XCBuildConfiguration section */

/* Begin XCConfigurationList section */
		8F99802A1E3CAA9400EDD02F /* Build configuration list for PBXProject "StormViewer" */ = {
			isa = XCConfigurationList;
			buildConfigurations = (
				8F99803F1E3CAA9400EDD02F /* Debug */,
				8F9980401E3CAA9400EDD02F /* Release */,
			);
			defaultConfigurationIsVisible = 0;
			defaultConfigurationName = Release;
		};
		8F9980411E3CAA9400EDD02F /* Build configuration list for PBXNativeTarget "StormViewer" */ = {
			isa = XCConfigurationList;
			buildConfigurations = (
				8F9980421E3CAA9400EDD02F /* Debug */,
				8F9980431E3CAA9400EDD02F /* Release */,
			);
			defaultConfigurationIsVisible = 0;
		};
/* End XCConfigurationList section */
	};
	rootObject = 8F9980271E3CAA9400EDD02F /* Project object */;
}
